
Microsoft Visual Studio Solution File, Format Version 12.00
# Visual Studio Version 17
VisualStudioVersion = 17.0.32014.148
MinimumVisualStudioVersion = 10.0.40219.1
Project("{9A19103F-16F7-4668-BE54-9A1E7A4F7556}") = "MyWebApp", "MyWebApp.csproj", "{46B53247-3176-4892-9ADE-D7338D3340A6}"
EndProject
Global
	GlobalSection(SolutionConfigurationPlatforms) = preSolution
		Debug|Any CPU = Debug|Any CPU
		Release|Any CPU = Release|Any CPU
	EndGlobalSection
	GlobalSection(ProjectConfigurationPlatforms) = postSolution
		{46B53247-3176-4892-9ADE-D7338D3340A6}.Debug|Any CPU.ActiveCfg = Debug|Any CPU
		{46B53247-3176-4892-9ADE-D7338D3340A6}.Debug|Any CPU.Build.0 = Debug|Any CPU
		{46B53247-3176-4892-9ADE-D7338D3340A6}.Release|Any CPU.ActiveCfg = Release|Any CPU
		{46B53247-3176-4892-9ADE-D7338D3340A6}.Release|Any CPU.Build.0 = Release|Any CPU
	EndGlobalSection
	GlobalSection(SolutionProperties) = preSolution
		HideSolutionNode = FALSE
	EndGlobalSection
	GlobalSection(ExtensibilityGlobals) = postSolution
		SolutionGuid = {4D0BFDC5-6F3F-49B9-948E-B61F05203E15}
	EndGlobalSection
EndGlobal
